Microsoft Visual Studio Solution File, Format Version 12.00
# Visual Studio Version 17
VisualStudioVersion = 17.5.2.0
MinimumVisualStudioVersion = 10.0.40219.1
Project("{FAE04EC0-301F-11D3-BF4B-00C04F79EFBC}") = "Treinamento.Web", "Treinamento.Web\Treinamento.Web.csproj", "{28EFB115-5779-1F64-AFCE-DCBF937D730E}"
EndProject
Global
	GlobalSection(SolutionConfigurationPlatforms) = preSolution
		Debug|Any CPU = Debug|Any CPU
		Release|Any CPU = Release|Any CPU
	EndGlobalSection
	GlobalSection(ProjectConfigurationPlatforms) = postSolution
		{28EFB115-5779-1F64-AFCE-DCBF937D730E}.Debug|Any CPU.ActiveCfg = Debug|Any CPU
		{28EFB115-5779-1F64-AFCE-DCBF937D730E}.Debug|Any CPU.Build.0 = Debug|Any CPU
		{28EFB115-5779-1F64-AFCE-DCBF937D730E}.Release|Any CPU.ActiveCfg = Release|Any CPU
		{28EFB115-5779-1F64-AFCE-DCBF937D730E}.Release|Any CPU.Build.0 = Release|Any CPU
	EndGlobalSection
	GlobalSection(SolutionProperties) = preSolution
		HideSolutionNode = FALSE
	EndGlobalSection
	GlobalSection(ExtensibilityGlobals) = postSolution
		SolutionGuid = {18F451B7-3736-4A12-A22F-308EA79E9CC0}
	EndGlobalSection
EndGlobal
